
Microsoft Visual Studio Solution File, Format Version 12.00
# Visual Studio 15
VisualStudioVersion = 15.0.28307.572
MinimumVisualStudioVersion = 10.0.40219.1
Project("{FAE04EC0-301F-11D3-BF4B-00C04F79EFBC}") = "HelloMVC", "HelloMVC\HelloMVC.csproj", "{38FE6B02-403E-43F1-90E9-CF579637509B}"
EndProject
Project("{FAE04EC0-301F-11D3-BF4B-00C04F79EFBC}") = "HelloMVC.Tests", "HelloMVC.Tests\HelloMVC.Tests.csproj", "{3389AB0A-1C5E-46FE-A864-40B2EB9EC2ED}"
EndProject
Global
	GlobalSection(SolutionConfigurationPlatforms) = preSolution
		Debug|Any CPU = Debug|Any CPU
		Release|Any CPU = Release|Any CPU
	EndGlobalSection
	GlobalSection(ProjectConfigurationPlatforms) = postSolution
		{38FE6B02-403E-43F1-90E9-CF579637509B}.Debug|Any CPU.ActiveCfg = Debug|Any CPU
		{38FE6B02-403E-43F1-90E9-CF579637509B}.Debug|Any CPU.Build.0 = Debug|Any CPU
		{38FE6B02-403E-43F1-90E9-CF579637509B}.Release|Any CPU.ActiveCfg = Release|Any CPU
		{38FE6B02-403E-43F1-90E9-CF579637509B}.Release|Any CPU.Build.0 = Release|Any CPU
		{3389AB0A-1C5E-46FE-A864-40B2EB9EC2ED}.Debug|Any CPU.ActiveCfg = Debug|Any CPU
		{3389AB0A-1C5E-46FE-A864-40B2EB9EC2ED}.Debug|Any CPU.Build.0 = Debug|Any CPU
		{3389AB0A-1C5E-46FE-A864-40B2EB9EC2ED}.Release|Any CPU.ActiveCfg = Release|Any CPU
		{3389AB0A-1C5E-46FE-A864-40B2EB9EC2ED}.Release|Any CPU.Build.0 = Release|Any CPU
	EndGlobalSection
	GlobalSection(SolutionProperties) = preSolution
		HideSolutionNode = FALSE
	EndGlobalSection
	GlobalSection(ExtensibilityGlobals) = postSolution
		SolutionGuid = {644233AF-85F1-4A3A-81BE-0F73DABBB687}
	EndGlobalSection
EndGlobal
